// !$*UTF8*$!
{
	archiveVersion = 1;
	classes = {
	};
	objectVersion = 77;
	objects = {

/* Begin PBXBuildFile section */
		AB0000010000000000000001 /* CoreMetadata in Frameworks */ = {isa = PBXBuildFile; productRef = AB0000010000000000001001 /* CoreMetadata */; };
		AB0000010000000000000002 /* CoreTorrent in Frameworks */ = {isa = PBXBuildFile; productRef = AB0000010000000000001002 /* CoreTorrent */; };
		AB0000010000000000000003 /* CorePlayer in Frameworks */ = {isa = PBXBuildFile; productRef = AB0000010000000000001003 /* CorePlayer */; };
		AB0000010000000000000004 /* CoreMLEngine in Frameworks */ = {isa = PBXBuildFile; productRef = AB0000010000000000001004 /* CoreMLEngine */; };
		AB0000010000000000000005 /* CoreStorage in Frameworks */ = {isa = PBXBuildFile; productRef = AB0000010000000000001005 /* CoreStorage */; };
		AB0000010000000000000006 /* DesignSystem in Frameworks */ = {isa = PBXBuildFile; productRef = AB0000010000000000001006 /* DesignSystem */; };
		AB0000010000000000000007 /* CoreStreaming in Frameworks */ = {isa = PBXBuildFile; productRef = AB0000010000000000001007 /* CoreStreaming */; };
		AB0000010000000000000008 /* MovieBoxCore in Frameworks */ = {isa = PBXBuildFile; productRef = AB0000010000000000001008 /* MovieBoxCore */; };
		AB0000010000000000000009 /* MovieBoxDetail in Frameworks */ = {isa = PBXBuildFile; productRef = AB0000010000000000001009 /* MovieBoxDetail */; };
		D23E0D542FBB6FA400526BEF /* AppIcon.icon in Resources */ = {isa = PBXBuildFile; fileRef = D23E0D532FBB6FA400526BEF /* AppIcon.icon */; };
/* End PBXBuildFile section */

/* Begin PBXFileReference section */
		D23E0D532FBB6FA400526BEF /* AppIcon.icon */ = {isa = PBXFileReference; lastKnownFileType = folder.iconcomposer.icon; path = AppIcon.icon; sourceTree = "<group>"; };
		D2898CB22FB9961F005174CF /* MovieBox.app */ = {isa = PBXFileReference; explicitFileType = wrapper.application; includeInIndex = 0; path = MovieBox.app; sourceTree = BUILT_PRODUCTS_DIR; };
/* End PBXFileReference section */

/* Begin PBXFileSystemSynchronizedBuildFileExceptionSet section */
		D2898CC02FB99621005174CF /* Exceptions for "MovieBox" folder in "MovieBox" target */ = {
			isa = PBXFileSystemSynchronizedBuildFileExceptionSet;
			membershipExceptions = (
				Info.plist,
			);
			target = D2898CB12FB9961F005174CF /* MovieBox */;
		};
/* End PBXFileSystemSynchronizedBuildFileExceptionSet section */

/* Begin PBXFileSystemSynchronizedRootGroup section */
		D2898CB42FB9961F005174CF /* MovieBox */ = {
			isa = PBXFileSystemSynchronizedRootGroup;
			exceptions = (
				D2898CC02FB99621005174CF /* Exceptions for "MovieBox" folder in "MovieBox" target */,
			);
			path = MovieBox;
			sourceTree = "<group>";
		};
/* End PBXFileSystemSynchronizedRootGroup section */

/* Begin PBXFrameworksBuildPhase section */
		D2898CAF2FB9961F005174CF /* Frameworks */ = {
			isa = PBXFrameworksBuildPhase;
			buildActionMask = 2147483647;
			files = (
				AB0000010000000000000001 /* CoreMetadata in Frameworks */,
				AB0000010000000000000002 /* CoreTorrent in Frameworks */,
				AB0000010000000000000003 /* CorePlayer in Frameworks */,
				AB0000010000000000000004 /* CoreMLEngine in Frameworks */,
				AB0000010000000000000005 /* CoreStorage in Frameworks */,
				AB0000010000000000000006 /* DesignSystem in Frameworks */,
				AB0000010000000000000007 /* CoreStreaming in Frameworks */,
				AB0000010000000000000008 /* MovieBoxCore in Frameworks */,
				AB0000010000000000000009 /* MovieBoxDetail in Frameworks */,
			);
			runOnlyForDeploymentPostprocessing = 0;
		};
/* End PBXFrameworksBuildPhase section */

/* Begin PBXGroup section */
		D2898CA92FB9961E005174CF = {
			isa = PBXGroup;
			children = (
				D2898CB42FB9961F005174CF /* MovieBox */,
				D2898CB32FB9961F005174CF /* Products */,
				D23E0D532FBB6FA400526BEF /* AppIcon.icon */,
			);
			sourceTree = "<group>";
		};
		D2898CB32FB9961F005174CF /* Products */ = {
			isa = PBXGroup;
			children = (
				D2898CB22FB9961F005174CF /* MovieBox.app */,
			);
			name = Products;
			sourceTree = "<group>";
		};
/* End PBXGroup section */

/* Begin PBXNativeTarget section */
		D2898CB12FB9961F005174CF /* MovieBox */ = {
			isa = PBXNativeTarget;
			buildConfigurationList = D2898CBD2FB99621005174CF /* Build configuration list for PBXNativeTarget "MovieBox" */;
			buildPhases = (
				D2898CAE2FB9961F005174CF /* Sources */,
				D2898CAF2FB9961F005174CF /* Frameworks */,
				D2898CB02FB9961F005174CF /* Resources */,
				D2FF00020000000000000001 /* Embed FFmpeg Tools */,
			);
			buildRules = (
			);
			dependencies = (
			);
			fileSystemSynchronizedGroups = (
				D2898CB42FB9961F005174CF /* MovieBox */,
			);
			name = MovieBox;
			packageProductDependencies = (
				AB0000010000000000001001 /* CoreMetadata */,
				AB0000010000000000001002 /* CoreTorrent */,
				AB0000010000000000001003 /* CorePlayer */,
				AB0000010000000000001004 /* CoreMLEngine */,
				AB0000010000000000001005 /* CoreStorage */,
				AB0000010000000000001006 /* DesignSystem */,
				AB0000010000000000001007 /* CoreStreaming */,
				AB0000010000000000001008 /* MovieBoxCore */,
				AB0000010000000000001009 /* MovieBoxDetail */,
			);
			productName = MovieBox;
			productReference = D2898CB22FB9961F005174CF /* MovieBox.app */;
			productType = "com.apple.product-type.application";
		};
/* End PBXNativeTarget section */

/* Begin PBXProject section */
		D2898CAA2FB9961F005174CF /* Project object */ = {
			isa = PBXProject;
			attributes = {
				BuildIndependentTargetsInParallel = 1;
				LastSwiftUpdateCheck = 2650;
				LastUpgradeCheck = 2650;
				TargetAttributes = {
					D2898CB12FB9961F005174CF = {
						CreatedOnToolsVersion = 26.5;
					};
				};
			};
			buildConfigurationList = D2898CAD2FB9961F005174CF /* Build configuration list for PBXProject "MovieBox" */;
			developmentRegion = en;
			hasScannedForEncodings = 0;
			knownRegions = (
				en,
				Base,
			);
			mainGroup = D2898CA92FB9961E005174CF;
			minimizedProjectReferenceProxies = 1;
			packageReferences = (
				AB0000010000000000002001 /* XCLocalSwiftPackageReference "CoreMetadata" */,
				AB0000010000000000002002 /* XCLocalSwiftPackageReference "CoreTorrent" */,
				AB0000010000000000002003 /* XCLocalSwiftPackageReference "CorePlayer" */,
				AB0000010000000000002004 /* XCLocalSwiftPackageReference "CoreMLEngine" */,
				AB0000010000000000002005 /* XCLocalSwiftPackageReference "CoreStorage" */,
				AB0000010000000000002006 /* XCLocalSwiftPackageReference "DesignSystem" */,
				AB0000010000000000002007 /* XCLocalSwiftPackageReference "CoreStreaming" */,
				AB0000010000000000002008 /* XCLocalSwiftPackageReference "MovieBoxCore" */,
				AB0000010000000000002009 /* XCLocalSwiftPackageReference "MovieBoxDetail" */,
			);
			preferredProjectObjectVersion = 77;
			productRefGroup = D2898CB32FB9961F005174CF /* Products */;
			projectDirPath = "";
			projectRoot = "";
			targets = (
				D2898CB12FB9961F005174CF /* MovieBox */,
			);
		};
/* End PBXProject section */

/* Begin PBXResourcesBuildPhase section */
		D2898CB02FB9961F005174CF /* Resources */ = {
			isa = PBXResourcesBuildPhase;
			buildActionMask = 2147483647;
			files = (
				D23E0D542FBB6FA400526BEF /* AppIcon.icon in Resources */,
			);
			runOnlyForDeploymentPostprocessing = 0;
		};
/* End PBXResourcesBuildPhase section */

/* Begin PBXShellScriptBuildPhase section */
		D2FF00020000000000000001 /* Embed FFmpeg Tools */ = {
			isa = PBXShellScriptBuildPhase;
			alwaysOutOfDate = 1;
			buildActionMask = 2147483647;
			files = (
			);
			inputPaths = (
			);
			name = "Embed FFmpeg Tools";
			outputPaths = (
				"$(BUILT_PRODUCTS_DIR)/$(CONTENTS_FOLDER_PATH)/MacOS/ffmpeg",
				"$(BUILT_PRODUCTS_DIR)/$(CONTENTS_FOLDER_PATH)/MacOS/ffprobe",
			);
			runOnlyForDeploymentPostprocessing = 0;
			shellPath = /bin/sh;
			shellScript = "\"${SRCROOT}/Scripts/embed-ffmpeg-tools.sh\"\n";
		};
/* End PBXShellScriptBuildPhase section */

/* Begin PBXSourcesBuildPhase section */
		D2898CAE2FB9961F005174CF /* Sources */ = {
			isa = PBXSourcesBuildPhase;
			buildActionMask = 2147483647;
			files = (
			);
			runOnlyForDeploymentPostprocessing = 0;
		};
/* End PBXSourcesBuildPhase section */

/* Begin XCBuildConfiguration section */
		D2898CBB2FB99621005174CF /* Debug */ = {
			isa = XCBuildConfiguration;
			buildSettings = {
				ALWAYS_SEARCH_USER_PATHS = NO;
				ASSETCATALOG_COMPILER_GENERATE_SWIFT_ASSET_SYMBOL_EXTENSIONS = YES;
				CLANG_ANALYZER_NONNULL = YES;
				CLANG_ANALYZER_NUMBER_OBJECT_CONVERSION = YES_AGGRESSIVE;
				CLANG_CXX_LANGUAGE_STANDARD = "gnu++20";
				CLANG_ENABLE_MODULES = YES;
				CLANG_ENABLE_OBJC_ARC = YES;
				CLANG_ENABLE_OBJC_WEAK = YES;
				CLANG_WARN_BLOCK_CAPTURE_AUTORELEASING = YES;
				CLANG_WARN_BOOL_CONVERSION = YES;
				CLANG_WARN_COMMA = YES;
				CLANG_WARN_CONSTANT_CONVERSION = YES;
				CLANG_WARN_DEPRECATED_OBJC_IMPLEMENTATIONS = YES;
				CLANG_WARN_DIRECT_OBJC_ISA_USAGE = YES_ERROR;
				CLANG_WARN_DOCUMENTATION_COMMENTS = YES;
				CLANG_WARN_EMPTY_BODY = YES;
				CLANG_WARN_ENUM_CONVERSION = YES;
				CLANG_WARN_INFINITE_RECURSION = YES;
				CLANG_WARN_INT_CONVERSION = YES;
				CLANG_WARN_NON_LITERAL_NULL_CONVERSION = YES;
				CLANG_WARN_OBJC_IMPLICIT_RETAIN_SELF = YES;
				CLANG_WARN_OBJC_LITERAL_CONVERSION = YES;
				CLANG_WARN_OBJC_ROOT_CLASS = YES_ERROR;
				CLANG_WARN_QUOTED_INCLUDE_IN_FRAMEWORK_HEADER = YES;
				CLANG_WARN_RANGE_LOOP_ANALYSIS = YES;
				CLANG_WARN_STRICT_PROTOTYPES = YES;
				CLANG_WARN_SUSPICIOUS_MOVE = YES;
				CLANG_WARN_UNGUARDED_AVAILABILITY = YES_AGGRESSIVE;
				CLANG_WARN_UNREACHABLE_CODE = YES;
				CLANG_WARN__DUPLICATE_METHOD_MATCH = YES;
				COPY_PHASE_STRIP = NO;
				DEBUG_INFORMATION_FORMAT = dwarf;
				ENABLE_STRICT_OBJC_MSGSEND = YES;
				ENABLE_TESTABILITY = YES;
				ENABLE_USER_SCRIPT_SANDBOXING = NO;
				GCC_C_LANGUAGE_STANDARD = gnu17;
				GCC_DYNAMIC_NO_PIC = NO;
				GCC_NO_COMMON_BLOCKS = YES;
				GCC_OPTIMIZATION_LEVEL = 0;
				GCC_PREPROCESSOR_DEFINITIONS = (
					"DEBUG=1",
					"$(inherited)",
				);
				GCC_WARN_64_TO_32_BIT_CONVERSION = YES;
				GCC_WARN_ABOUT_RETURN_TYPE = YES_ERROR;
				GCC_WARN_UNDECLARED_SELECTOR = YES;
				GCC_WARN_UNINITIALIZED_AUTOS = YES_AGGRESSIVE;
				GCC_WARN_UNUSED_FUNCTION = YES;
				GCC_WARN_UNUSED_VARIABLE = YES;
				LOCALIZATION_PREFERS_STRING_CATALOGS = YES;
				MACOSX_DEPLOYMENT_TARGET = 26.5;
				MTL_ENABLE_DEBUG_INFO = INCLUDE_SOURCE;
				MTL_FAST_MATH = YES;
				ONLY_ACTIVE_ARCH = YES;
				SDKROOT = macosx;
				SWIFT_ACTIVE_COMPILATION_CONDITIONS = "DEBUG $(inherited)";
				SWIFT_OPTIMIZATION_LEVEL = "-Onone";
			};
			name = Debug;
		};
		D2898CBC2FB99621005174CF /* Release */ = {
			isa = XCBuildConfiguration;
			buildSettings = {
				ALWAYS_SEARCH_USER_PATHS = NO;
				ASSETCATALOG_COMPILER_GENERATE_SWIFT_ASSET_SYMBOL_EXTENSIONS = YES;
				CLANG_ANALYZER_NONNULL = YES;
				CLANG_ANALYZER_NUMBER_OBJECT_CONVERSION = YES_AGGRESSIVE;
				CLANG_CXX_LANGUAGE_STANDARD = "gnu++20";
				CLANG_ENABLE_MODULES = YES;
				CLANG_ENABLE_OBJC_ARC = YES;
				CLANG_ENABLE_OBJC_WEAK = YES;
				CLANG_WARN_BLOCK_CAPTURE_AUTORELEASING = YES;
				CLANG_WARN_BOOL_CONVERSION = YES;
				CLANG_WARN_COMMA = YES;
				CLANG_WARN_CONSTANT_CONVERSION = YES;
				CLANG_WARN_DEPRECATED_OBJC_IMPLEMENTATIONS = YES;
				CLANG_WARN_DIRECT_OBJC_ISA_USAGE = YES_ERROR;
				CLANG_WARN_DOCUMENTATION_COMMENTS = YES;
				CLANG_WARN_EMPTY_BODY = YES;
				CLANG_WARN_ENUM_CONVERSION = YES;
				CLANG_WARN_INFINITE_RECURSION = YES;
				CLANG_WARN_INT_CONVERSION = YES;
				CLANG_WARN_NON_LITERAL_NULL_CONVERSION = YES;
				CLANG_WARN_OBJC_IMPLICIT_RETAIN_SELF = YES;
				CLANG_WARN_OBJC_LITERAL_CONVERSION = YES;
				CLANG_WARN_OBJC_ROOT_CLASS = YES_ERROR;
				CLANG_WARN_QUOTED_INCLUDE_IN_FRAMEWORK_HEADER = YES;
				CLANG_WARN_RANGE_LOOP_ANALYSIS = YES;
				CLANG_WARN_STRICT_PROTOTYPES = YES;
				CLANG_WARN_SUSPICIOUS_MOVE = YES;
				CLANG_WARN_UNGUARDED_AVAILABILITY = YES_AGGRESSIVE;
				CLANG_WARN_UNREACHABLE_CODE = YES;
				CLANG_WARN__DUPLICATE_METHOD_MATCH = YES;
				COPY_PHASE_STRIP = NO;
				DEBUG_INFORMATION_FORMAT = "dwarf-with-dsym";
				ENABLE_NS_ASSERTIONS = NO;
				ENABLE_STRICT_OBJC_MSGSEND = YES;
				ENABLE_USER_SCRIPT_SANDBOXING = NO;
				GCC_C_LANGUAGE_STANDARD = gnu17;
				GCC_NO_COMMON_BLOCKS = YES;
				GCC_WARN_64_TO_32_BIT_CONVERSION = YES;
				GCC_WARN_ABOUT_RETURN_TYPE = YES_ERROR;
				GCC_WARN_UNDECLARED_SELECTOR = YES;
				GCC_WARN_UNINITIALIZED_AUTOS = YES_AGGRESSIVE;
				GCC_WARN_UNUSED_FUNCTION = YES;
				GCC_WARN_UNUSED_VARIABLE = YES;
				LOCALIZATION_PREFERS_STRING_CATALOGS = YES;
				MACOSX_DEPLOYMENT_TARGET = 26.5;
				MTL_ENABLE_DEBUG_INFO = NO;
				MTL_FAST_MATH = YES;
				SDKROOT = macosx;
				SWIFT_COMPILATION_MODE = wholemodule;
			};
			name = Release;
		};
		D2898CBE2FB99621005174CF /* Debug */ = {
			isa = XCBuildConfiguration;
			buildSettings = {
				ASSETCATALOG_COMPILER_APPICON_NAME = AppIcon;
				ASSETCATALOG_COMPILER_GLOBAL_ACCENT_COLOR_NAME = AccentColor;
				ASSETCATALOG_COMPILER_INCLUDE_ALL_APPICON_ASSETS = NO;
				CODE_SIGN_ENTITLEMENTS = MovieBox/MovieBox.entitlements;
				CODE_SIGN_STYLE = Automatic;
				COMBINE_HIDPI_IMAGES = YES;
				CURRENT_PROJECT_VERSION = 1;
				ENABLE_APP_SANDBOX = YES;
				ENABLE_PREVIEWS = YES;
				ENABLE_USER_SELECTED_FILES = readonly;
				EXCLUDED_ARCHS = x86_64;
				GENERATE_INFOPLIST_FILE = YES;
				INFOPLIST_FILE = MovieBox/Info.plist;
				INFOPLIST_KEY_NSHumanReadableCopyright = "";
				LD_RUNPATH_SEARCH_PATHS = (
					"$(inherited)",
					"@executable_path/../Frameworks",
				);
				MARKETING_VERSION = 1.0;
				PRODUCT_BUNDLE_IDENTIFIER = com.marban.MovieBox;
				PRODUCT_NAME = "$(TARGET_NAME)";
				REGISTER_APP_GROUPS = YES;
				STRING_CATALOG_GENERATE_SYMBOLS = YES;
				SWIFT_APPROACHABLE_CONCURRENCY = YES;
				SWIFT_DEFAULT_ACTOR_ISOLATION = MainActor;
				SWIFT_EMIT_LOC_STRINGS = YES;
				SWIFT_UPCOMING_FEATURE_MEMBER_IMPORT_VISIBILITY = YES;
				SWIFT_VERSION = 5.0;
			};
			name = Debug;
		};
		D2898CBF2FB99621005174CF /* Release */ = {
			isa = XCBuildConfiguration;
			buildSettings = {
				ASSETCATALOG_COMPILER_APPICON_NAME = AppIcon;
				ASSETCATALOG_COMPILER_GLOBAL_ACCENT_COLOR_NAME = AccentColor;
				ASSETCATALOG_COMPILER_INCLUDE_ALL_APPICON_ASSETS = NO;
				CODE_SIGN_ENTITLEMENTS = MovieBox/MovieBox.entitlements;
				CODE_SIGN_STYLE = Automatic;
				COMBINE_HIDPI_IMAGES = YES;
				CURRENT_PROJECT_VERSION = 1;
				ENABLE_APP_SANDBOX = YES;
				ENABLE_PREVIEWS = YES;
				ENABLE_USER_SELECTED_FILES = readonly;
				EXCLUDED_ARCHS = x86_64;
				GENERATE_INFOPLIST_FILE = YES;
				INFOPLIST_FILE = MovieBox/Info.plist;
				INFOPLIST_KEY_NSHumanReadableCopyright = "";
				LD_RUNPATH_SEARCH_PATHS = (
					"$(inherited)",
					"@executable_path/../Frameworks",
				);
				MARKETING_VERSION = 1.0;
				PRODUCT_BUNDLE_IDENTIFIER = com.marban.MovieBox;
				PRODUCT_NAME = "$(TARGET_NAME)";
				REGISTER_APP_GROUPS = YES;
				STRING_CATALOG_GENERATE_SYMBOLS = YES;
				SWIFT_APPROACHABLE_CONCURRENCY = YES;
				SWIFT_DEFAULT_ACTOR_ISOLATION = MainActor;
				SWIFT_EMIT_LOC_STRINGS = YES;
				SWIFT_UPCOMING_FEATURE_MEMBER_IMPORT_VISIBILITY = YES;
				SWIFT_VERSION = 5.0;
			};
			name = Release;
		};
/* End XCBuildConfiguration section */

/* Begin XCConfigurationList section */
		D2898CAD2FB9961F005174CF /* Build configuration list for PBXProject "MovieBox" */ = {
			isa = XCConfigurationList;
			buildConfigurations = (
				D2898CBB2FB99621005174CF /* Debug */,
				D2898CBC2FB99621005174CF /* Release */,
			);
			defaultConfigurationIsVisible = 0;
			defaultConfigurationName = Release;
		};
		D2898CBD2FB99621005174CF /* Build configuration list for PBXNativeTarget "MovieBox" */ = {
			isa = XCConfigurationList;
			buildConfigurations = (
				D2898CBE2FB99621005174CF /* Debug */,
				D2898CBF2FB99621005174CF /* Release */,
			);
			defaultConfigurationIsVisible = 0;
			defaultConfigurationName = Release;
		};
/* End XCConfigurationList section */

/* Begin XCLocalSwiftPackageReference section */
		AB0000010000000000002001 /* XCLocalSwiftPackageReference "CoreMetadata" */ = {
			isa = XCLocalSwiftPackageReference;
			relativePath = CoreMetadata;
		};
		AB0000010000000000002002 /* XCLocalSwiftPackageReference "CoreTorrent" */ = {
			isa = XCLocalSwiftPackageReference;
			relativePath = CoreTorrent;
		};
		AB0000010000000000002003 /* XCLocalSwiftPackageReference "CorePlayer" */ = {
			isa = XCLocalSwiftPackageReference;
			relativePath = CorePlayer;
		};
		AB0000010000000000002004 /* XCLocalSwiftPackageReference "CoreMLEngine" */ = {
			isa = XCLocalSwiftPackageReference;
			relativePath = CoreMLEngine;
		};
		AB0000010000000000002005 /* XCLocalSwiftPackageReference "CoreStorage" */ = {
			isa = XCLocalSwiftPackageReference;
			relativePath = CoreStorage;
		};
		AB0000010000000000002006 /* XCLocalSwiftPackageReference "DesignSystem" */ = {
			isa = XCLocalSwiftPackageReference;
			relativePath = DesignSystem;
		};
		AB0000010000000000002007 /* XCLocalSwiftPackageReference "CoreStreaming" */ = {
			isa = XCLocalSwiftPackageReference;
			relativePath = CoreStreaming;
		};
		AB0000010000000000002008 /* XCLocalSwiftPackageReference "MovieBoxCore" */ = {
			isa = XCLocalSwiftPackageReference;
			relativePath = MovieBoxCore;
		};
		AB0000010000000000002009 /* XCLocalSwiftPackageReference "MovieBoxDetail" */ = {
			isa = XCLocalSwiftPackageReference;
			relativePath = MovieBoxDetail;
		};
/* End XCLocalSwiftPackageReference section */

/* Begin XCSwiftPackageProductDependency section */
		AB0000010000000000001001 /* CoreMetadata */ = {
			isa = XCSwiftPackageProductDependency;
			package = AB0000010000000000002001 /* XCLocalSwiftPackageReference "CoreMetadata" */;
			productName = CoreMetadata;
		};
		AB0000010000000000001002 /* CoreTorrent */ = {
			isa = XCSwiftPackageProductDependency;
			package = AB0000010000000000002002 /* XCLocalSwiftPackageReference "CoreTorrent" */;
			productName = CoreTorrent;
		};
		AB0000010000000000001003 /* CorePlayer */ = {
			isa = XCSwiftPackageProductDependency;
			package = AB0000010000000000002003 /* XCLocalSwiftPackageReference "CorePlayer" */;
			productName = CorePlayer;
		};
		AB0000010000000000001004 /* CoreMLEngine */ = {
			isa = XCSwiftPackageProductDependency;
			package = AB0000010000000000002004 /* XCLocalSwiftPackageReference "CoreMLEngine" */;
			productName = CoreMLEngine;
		};
		AB0000010000000000001005 /* CoreStorage */ = {
			isa = XCSwiftPackageProductDependency;
			package = AB0000010000000000002005 /* XCLocalSwiftPackageReference "CoreStorage" */;
			productName = CoreStorage;
		};
		AB0000010000000000001006 /* DesignSystem */ = {
			isa = XCSwiftPackageProductDependency;
			package = AB0000010000000000002006 /* XCLocalSwiftPackageReference "DesignSystem" */;
			productName = DesignSystem;
		};
		AB0000010000000000001007 /* CoreStreaming */ = {
			isa = XCSwiftPackageProductDependency;
			package = AB0000010000000000002007 /* XCLocalSwiftPackageReference "CoreStreaming" */;
			productName = CoreStreaming;
		};
		AB0000010000000000001008 /* MovieBoxCore */ = {
			isa = XCSwiftPackageProductDependency;
			package = AB0000010000000000002008 /* XCLocalSwiftPackageReference "MovieBoxCore" */;
			productName = MovieBoxCore;
		};
		AB0000010000000000001009 /* MovieBoxDetail */ = {
			isa = XCSwiftPackageProductDependency;
			package = AB0000010000000000002009 /* XCLocalSwiftPackageReference "MovieBoxDetail" */;
			productName = MovieBoxDetail;
		};
/* End XCSwiftPackageProductDependency section */
	};
	rootObject = D2898CAA2FB9961F005174CF /* Project object */;
}
